
Microsoft Visual Studio Solution File, Format Version 12.00
# Visual Studio Version 16
VisualStudioVersion = 16.0.32630.194
MinimumVisualStudioVersion = 10.0.40219.1
Project("{8BC9CEB8-8B4A-11D0-8D11-00A0C91BC942}") = "silnith.tessellation.static", "silnith.tessellation.static\silnith.tessellation.static.vcxproj", "{83882E0D-40DE-4ADA-8C72-6008D03F5AB0}"
EndProject
Project("{8BC9CEB8-8B4A-11D0-8D11-00A0C91BC942}") = "silnith.tessellation.static.tests", "silnith.tessellation.static.tests\silnith.tessellation.static.tests.vcxproj", "{9B2522FA-6D96-4F90-A5B1-77C4B607B384}"
EndProject
Project("{2150E333-8FDC-42A3-9474-1A3956D46DE8}") = "Solution Items", "Solution Items", "{B7F91AD1-E5BF-46B9-A4FA-C025B7A82071}"
	ProjectSection(SolutionItems) = preProject
		.gitignore = .gitignore
		LICENSE = LICENSE
		README.md = README.md
	EndProjectSection
EndProject
Project("{2150E333-8FDC-42A3-9474-1A3956D46DE8}") = ".github", ".github", "{9FC7670F-CEC6-43F3-9E32-A92AA90C24C4}"
EndProject
Project("{2150E333-8FDC-42A3-9474-1A3956D46DE8}") = "workflows", "workflows", "{F1F7BCE5-3038-454E-81DA-59A12059B73B}"
	ProjectSection(SolutionItems) = preProject
		.github\workflows\build.yaml = .github\workflows\build.yaml
		.github\workflows\push-branch.yaml = .github\workflows\push-branch.yaml
		.github\workflows\push-release-tag.yaml = .github\workflows\push-release-tag.yaml
	EndProjectSection
EndProject
Global
	GlobalSection(SolutionConfigurationPlatforms) = preSolution
		Debug|x64 = Debug|x64
		Debug|x86 = Debug|x86
		Release|x64 = Release|x64
		Release|x86 = Release|x86
	EndGlobalSection
	GlobalSection(ProjectConfigurationPlatforms) = postSolution
		{83882E0D-40DE-4ADA-8C72-6008D03F5AB0}.Debug|x64.ActiveCfg = Debug|x64
		{83882E0D-40DE-4ADA-8C72-6008D03F5AB0}.Debug|x64.Build.0 = Debug|x64
		{83882E0D-40DE-4ADA-8C72-6008D03F5AB0}.Debug|x86.ActiveCfg = Debug|Win32
		{83882E0D-40DE-4ADA-8C72-6008D03F5AB0}.Debug|x86.Build.0 = Debug|Win32
		{83882E0D-40DE-4ADA-8C72-6008D03F5AB0}.Release|x64.ActiveCfg = Release|x64
		{83882E0D-40DE-4ADA-8C72-6008D03F5AB0}.Release|x64.Build.0 = Release|x64
		{83882E0D-40DE-4ADA-8C72-6008D03F5AB0}.Release|x86.ActiveCfg = Release|Win32
		{83882E0D-40DE-4ADA-8C72-6008D03F5AB0}.Release|x86.Build.0 = Release|Win32
		{9B2522FA-6D96-4F90-A5B1-77C4B607B384}.Debug|x64.ActiveCfg = Debug|x64
		{9B2522FA-6D96-4F90-A5B1-77C4B607B384}.Debug|x64.Build.0 = Debug|x64
		{9B2522FA-6D96-4F90-A5B1-77C4B607B384}.Debug|x86.ActiveCfg = Debug|Win32
		{9B2522FA-6D96-4F90-A5B1-77C4B607B384}.Debug|x86.Build.0 = Debug|Win32
		{9B2522FA-6D96-4F90-A5B1-77C4B607B384}.Release|x64.ActiveCfg = Release|x64
		{9B2522FA-6D96-4F90-A5B1-77C4B607B384}.Release|x64.Build.0 = Release|x64
		{9B2522FA-6D96-4F90-A5B1-77C4B607B384}.Release|x86.ActiveCfg = Release|Win32
		{9B2522FA-6D96-4F90-A5B1-77C4B607B384}.Release|x86.Build.0 = Release|Win32
	EndGlobalSection
	GlobalSection(SolutionProperties) = preSolution
		HideSolutionNode = FALSE
	EndGlobalSection
	GlobalSection(NestedProjects) = preSolution
		{9FC7670F-CEC6-43F3-9E32-A92AA90C24C4} = {B7F91AD1-E5BF-46B9-A4FA-C025B7A82071}
		{F1F7BCE5-3038-454E-81DA-59A12059B73B} = {9FC7670F-CEC6-43F3-9E32-A92AA90C24C4}
	EndGlobalSection
	GlobalSection(ExtensibilityGlobals) = postSolution
		SolutionGuid = {1D2C82FD-F4A6-4E11-BDC7-986028A97092}
	EndGlobalSection
EndGlobal
